
Microsoft Visual Studio Solution File, Format Version 12.00
# Visual Studio Version 17
VisualStudioVersion = 17.1.32210.238
MinimumVisualStudioVersion = 10.0.40219.1
Project("{FAE04EC0-301F-11D3-BF4B-00C04F79EFBC}") = "ShutdownTool", "ShutdownTool\ShutdownTool.csproj", "{CC6EBAEE-4A05-4D53-8C6F-28A716542A17}"
EndProject
Global
	GlobalSection(SolutionConfigurationPlatforms) = preSolution
		Debug|Any CPU = Debug|Any CPU
		Release|Any CPU = Release|Any CPU
	EndGlobalSection
	GlobalSection(ProjectConfigurationPlatforms) = postSolution
		{CC6EBAEE-4A05-4D53-8C6F-28A716542A17}.Debug|Any CPU.ActiveCfg = Debug|Any CPU
		{CC6EBAEE-4A05-4D53-8C6F-28A716542A17}.Debug|Any CPU.Build.0 = Debug|Any CPU
		{CC6EBAEE-4A05-4D53-8C6F-28A716542A17}.Release|Any CPU.ActiveCfg = Release|Any CPU
		{CC6EBAEE-4A05-4D53-8C6F-28A716542A17}.Release|Any CPU.Build.0 = Release|Any CPU
	EndGlobalSection
	GlobalSection(SolutionProperties) = preSolution
		HideSolutionNode = FALSE
	EndGlobalSection
	GlobalSection(ExtensibilityGlobals) = postSolution
		SolutionGuid = {ADB01B61-B410-4F42-AC5A-47A2CDF272B3}
	EndGlobalSection
EndGlobal
